tag: byedpi-aeb849b7
generated_at: 2026-05-16T09:26:37Z
artifacts:
  - name: libxray.aar
    engine: xray
    destination: libs
    download_url: https://github.com/2dust/AndroidLibXrayLite/releases/download/v26.4.25/libv2ray.aar
    sha256: e7fcc8d9923cc6507481e03973e474325cf3aed74b0f42a3ca5101e7904150a1
    size_bytes: 55794103
    source_repo: https://github.com/2dust/AndroidLibXrayLite
    source_commit: v26.4.25
  - name: libnaive-arm64-v8a.so
    engine: naive
    abi: arm64-v8a
    destination: jniLibs
    download_url: https://github.com/thesmithmode/Ozero/releases/download/naive-fcf1919c/libnaive-arm64-v8a.so
    sha256: 1e98b657239bbdcc040e93f4c069e0a89cd32d4faf786acc0e77a6bd2f57c037
    size_bytes: 6304920
    source_repo: https://github.com/klzgrad/naiveproxy
    source_commit: 6315863d2d8d1fad80d2b2afd46162c301f973e2
  - name: libnaive-armeabi-v7a.so
    engine: naive
    abi: armeabi-v7a
    destination: jniLibs
    download_url: https://github.com/thesmithmode/Ozero/releases/download/naive-fcf1919c/libnaive-armeabi-v7a.so
    sha256: 299dc7353fa27f89053bbc5749a76326c1f30a59835a620d61e9ef69b83209c7
    size_bytes: 4690560
    source_repo: https://github.com/klzgrad/naiveproxy
    source_commit: 6315863d2d8d1fad80d2b2afd46162c301f973e2
  - name: libnaive-x86.so
    engine: naive
    abi: x86
    destination: jniLibs
    download_url: https://github.com/thesmithmode/Ozero/releases/download/naive-fcf1919c/libnaive-x86.so
    sha256: c9c10c7345062c2b1eec9b1f706f2f87172619473abd49242d31781cde20b982
    size_bytes: 6818336
    source_repo: https://github.com/klzgrad/naiveproxy
    source_commit: 6315863d2d8d1fad80d2b2afd46162c301f973e2
  - name: libnaive-x86_64.so
    engine: naive
    abi: x86_64
    destination: jniLibs
    download_url: https://github.com/thesmithmode/Ozero/releases/download/naive-fcf1919c/libnaive-x86_64.so
    sha256: 9dedf6cdf0f35999e0d6a6025cf573174df6bb00b7ed5eb820320727ec7817c4
    size_bytes: 6484984
    source_repo: https://github.com/klzgrad/naiveproxy
    source_commit: 6315863d2d8d1fad80d2b2afd46162c301f973e2
  - name: libamneziawg.aar
    engine: amneziawg
    destination: libs
    download_url: https://github.com/thesmithmode/Ozero/releases/download/amneziawg-3f938b57/libamneziawg.aar
    sha256: a1b88cc9006b33c3906a99bb3e18884381aa9b9b2b5faa1d756e3511e634ba97
    size_bytes: 10221225
    source_repo: https://github.com/amnezia-vpn/amneziawg-go
    source_commit: 2e3f7d122ca8ef61e403fddc48a9db8fccd95dbf
  - name: libhysteria2.aar
    engine: hysteria2
    destination: libs
    download_url: https://github.com/thesmithmode/Ozero/releases/download/hysteria2-d2e52937/libhysteria2.aar
    sha256: c19e8003bf7fe3a87ed837e8906962dfb92277208cc6e6fa7c221be9b8464346
    size_bytes: 50520609
    source_repo: https://github.com/apernet/hysteria
    source_commit: 15e31d48a09af0835773bd5c62cedbb3fc0e351d
  - name: libtor-arm64-v8a.so
    engine: tor
    abi: arm64-v8a
    destination: jniLibs
    download_url: https://github.com/thesmithmode/Ozero/releases/download/tor-0253c6b2/libtor-arm64-v8a.so
    sha256: 39e1e4b1cd15c0436c57c934f0de17f3a0aa7ba88cfa4b2e9a5084c194e2ff85
    size_bytes: 9267272
    source_repo: https://github.com/guardianproject/tor-android
    source_commit: tor-android-0.4.9.6
  - name: libtor-armeabi-v7a.so
    engine: tor
    abi: armeabi-v7a
    destination: jniLibs
    download_url: https://github.com/thesmithmode/Ozero/releases/download/tor-0253c6b2/libtor-armeabi-v7a.so
    sha256: 45e9edb07c75c80341964875f4565f3deb69e58f480b7ec985a2e6fab7d669ed
    size_bytes: 7608528
    source_repo: https://github.com/guardianproject/tor-android
    source_commit: tor-android-0.4.9.6
  - name: libtor-x86.so
    engine: tor
    abi: x86
    destination: jniLibs
    download_url: https://github.com/thesmithmode/Ozero/releases/download/tor-0253c6b2/libtor-x86.so
    sha256: 1847810606a36fc274f24780c4d682f79477a99d67a95e51bbf8197822e30d48
    size_bytes: 8214812
    source_repo: https://github.com/guardianproject/tor-android
    source_commit: tor-android-0.4.9.6
  - name: libtor-x86_64.so
    engine: tor
    abi: x86_64
    destination: jniLibs
    download_url: https://github.com/thesmithmode/Ozero/releases/download/tor-0253c6b2/libtor-x86_64.so
    sha256: 797e7864615c83cc546c5ea1ea23b030c76670fc94777adfbd8657ad7a086210
    size_bytes: 9549152
    source_repo: https://github.com/guardianproject/tor-android
    source_commit: tor-android-0.4.9.6
  - name: libiptproxy-arm64-v8a.so
    engine: iptproxy
    abi: arm64-v8a
    destination: jniLibs
    download_url: https://github.com/thesmithmode/Ozero/releases/download/tor-0253c6b2/libiptproxy-arm64-v8a.so
    sha256: 8fa8040b8a179197c89bf7df7758cc5e71e773a858a51f4de152df3b6b4371fd
    size_bytes: 24249808
    source_repo: https://github.com/tladesignz/IPtProxy
    source_commit: v5.4.1
  - name: libiptproxy-armeabi-v7a.so
    engine: iptproxy
    abi: armeabi-v7a
    destination: jniLibs
    download_url: https://github.com/thesmithmode/Ozero/releases/download/tor-0253c6b2/libiptproxy-armeabi-v7a.so
    sha256: 798559fff2396de2e863279965e0abbcc8793f36544995408f8f7f156c61f4b1
    size_bytes: 23280680
    source_repo: https://github.com/tladesignz/IPtProxy
    source_commit: v5.4.1
  - name: libiptproxy-x86.so
    engine: iptproxy
    abi: x86
    destination: jniLibs
    download_url: https://github.com/thesmithmode/Ozero/releases/download/tor-0253c6b2/libiptproxy-x86.so
    sha256: 428dd2795d944ca75fc661c7935b1ec183f583bee84c336eda317f415dcf637f
    size_bytes: 23716192
    source_repo: https://github.com/tladesignz/IPtProxy
    source_commit: v5.4.1
  - name: libiptproxy-x86_64.so
    engine: iptproxy
    abi: x86_64
    destination: jniLibs
    download_url: https://github.com/thesmithmode/Ozero/releases/download/tor-0253c6b2/libiptproxy-x86_64.so
    sha256: fcbe6f19d4267dced8981474f61b0a01f2ea62a5bfcfbe58b29df0cd5e31d784
    size_bytes: 27070800
    source_repo: https://github.com/tladesignz/IPtProxy
    source_commit: v5.4.1
  - name: libmtg-arm64-v8a.so
    engine: mtg
    abi: arm64-v8a
    destination: jniLibs
    target_filename: libmtg.so
    download_url: https://github.com/thesmithmode/Ozero/releases/download/mtg-3ad1935b/libmtg-arm64-v8a.so
    sha256: 535e257cf84b54d1dfa57ccba8d0d9a6c0ffbc568b9528a2e8cf30b503a01ecf
    size_bytes: 11468984
    source_repo: https://github.com/9seconds/mtg
    source_commit: 269852a4f1287ef10762a0d27b1f2605532804c1
  - name: libmtg-armeabi-v7a.so
    engine: mtg
    abi: armeabi-v7a
    destination: jniLibs
    target_filename: libmtg.so
    download_url: https://github.com/thesmithmode/Ozero/releases/download/mtg-3ad1935b/libmtg-armeabi-v7a.so
    sha256: f99b32650dc8abad5e85899d98731a05beac4cec91478296f1f9a3faa81f8f95
    size_bytes: 11731128
    source_repo: https://github.com/9seconds/mtg
    source_commit: 269852a4f1287ef10762a0d27b1f2605532804c1
  - name: libmtg-x86_64.so
    engine: mtg
    abi: x86_64
    destination: jniLibs
    target_filename: libmtg.so
    download_url: https://github.com/thesmithmode/Ozero/releases/download/mtg-3ad1935b/libmtg-x86_64.so
    sha256: f4907dba30d6c008635baea03557c2a7d51caf51ccacfa8b690d4b2789773576
    size_bytes: 12193976
    source_repo: https://github.com/9seconds/mtg
    source_commit: 269852a4f1287ef10762a0d27b1f2605532804c1
  - name: libbyedpi-arm64-v8a.so
    engine: byedpi
    abi: arm64-v8a
    destination: jniLibs
    target_filename: libbyedpi.so
    download_url: https://github.com/thesmithmode/Ozero/releases/download/byedpi-aeb849b7/libbyedpi-arm64-v8a.so
    sha256: 7c895ebf3572d5485674393992e72ea9b54e5329317407bc3d6e85c5d7b7244e
    size_bytes: 326224
    source_repo: https://github.com/hufrea/byedpi
    source_commit: 7efde1b1296eaaa187b70e951894dde17527489c
  - name: libbyedpi-armeabi-v7a.so
    engine: byedpi
    abi: armeabi-v7a
    destination: jniLibs
    target_filename: libbyedpi.so
    download_url: https://github.com/thesmithmode/Ozero/releases/download/byedpi-aeb849b7/libbyedpi-armeabi-v7a.so
    sha256: 72ab9df47b9f2e35ece813cf7e7617b1bb9054d9ad87aa05b302ed5e19390a50
    size_bytes: 239992
    source_repo: https://github.com/hufrea/byedpi
    source_commit: 7efde1b1296eaaa187b70e951894dde17527489c
  - name: libbyedpi-x86.so
    engine: byedpi
    abi: x86
    destination: jniLibs
    target_filename: libbyedpi.so
    download_url: https://github.com/thesmithmode/Ozero/releases/download/byedpi-aeb849b7/libbyedpi-x86.so
    sha256: 25c68f647f67b15f7e5e4df9c9c81831e8e34524b616236a038bbd67cffc9729
    size_bytes: 256864
    source_repo: https://github.com/hufrea/byedpi
    source_commit: 7efde1b1296eaaa187b70e951894dde17527489c
  - name: libbyedpi-x86_64.so
    engine: byedpi
    abi: x86_64
    destination: jniLibs
    target_filename: libbyedpi.so
    download_url: https://github.com/thesmithmode/Ozero/releases/download/byedpi-aeb849b7/libbyedpi-x86_64.so
    sha256: ad7d9616ff9f674a69d97f7a14106faf1579226d1a26ed83b9799557c4070650
    size_bytes: 311344
    source_repo: https://github.com/hufrea/byedpi
    source_commit: 7efde1b1296eaaa187b70e951894dde17527489c
