tag: tor-0253c6b2
generated_at: 2026-04-25T21:42:56Z
artifacts:
  - name: libbyedpi-arm64-v8a.so
    engine: byedpi
    abi: arm64-v8a
    destination: jniLibs
    download_url: https://github.com/thesmithmode/Ozero/releases/download/byedpi-6afef5e5/libbyedpi-arm64-v8a.so
    sha256: 8d5cc16a6f07c53827c6edc12560d651daa968820a3f6eba470b0a934e570880
    size_bytes: 319768
    source_repo: https://github.com/hufrea/byedpi
    source_commit: 7efde1b1296eaaa187b70e951894dde17527489c
  - name: libbyedpi-armeabi-v7a.so
    engine: byedpi
    abi: armeabi-v7a
    destination: jniLibs
    download_url: https://github.com/thesmithmode/Ozero/releases/download/byedpi-6afef5e5/libbyedpi-armeabi-v7a.so
    sha256: eafab2550dd260df908929589634d98ab87cbade6d4485204d15f4a66ad30f80
    size_bytes: 237728
    source_repo: https://github.com/hufrea/byedpi
    source_commit: 7efde1b1296eaaa187b70e951894dde17527489c
  - name: libbyedpi-x86.so
    engine: byedpi
    abi: x86
    destination: jniLibs
    download_url: https://github.com/thesmithmode/Ozero/releases/download/byedpi-6afef5e5/libbyedpi-x86.so
    sha256: 88de284762863b4e76b7407a2577956ee99a2ea376a5e49e38f6133cac35ff8a
    size_bytes: 254792
    source_repo: https://github.com/hufrea/byedpi
    source_commit: 7efde1b1296eaaa187b70e951894dde17527489c
  - name: libbyedpi-x86_64.so
    engine: byedpi
    abi: x86_64
    destination: jniLibs
    download_url: https://github.com/thesmithmode/Ozero/releases/download/byedpi-6afef5e5/libbyedpi-x86_64.so
    sha256: 94ff2dfe51c9814aaca8cbbd3673c316b2d8faac1b73ada1e0d6437b932433fc
    size_bytes: 308288
    source_repo: https://github.com/hufrea/byedpi
    source_commit: 7efde1b1296eaaa187b70e951894dde17527489c
  - name: libxray.aar
    engine: xray
    destination: libs
    download_url: https://github.com/thesmithmode/Ozero/releases/download/xray-c5e9cdf0/libxray.aar
    sha256: bab9a149007f1aef0e2f02b5a6d62c94a423e30d10fbc86dbc7233abd1b6dcab
    size_bytes: 83829006
    source_repo: https://github.com/xtls/xray-core
    source_commit: 81f8f398c7b2b845853b1e85087c6122acc6db0b
  - name: libnaive-arm64-v8a.so
    engine: naive
    abi: arm64-v8a
    destination: jniLibs
    download_url: https://github.com/thesmithmode/Ozero/releases/download/naive-9becd3ee/libnaive-arm64-v8a.so
    sha256: 1e98b657239bbdcc040e93f4c069e0a89cd32d4faf786acc0e77a6bd2f57c037
    size_bytes: 6304920
    source_repo: https://github.com/klzgrad/naiveproxy
    source_commit: 6315863d2d8d1fad80d2b2afd46162c301f973e2
  - name: libnaive-armeabi-v7a.so
    engine: naive
    abi: armeabi-v7a
    destination: jniLibs
    download_url: https://github.com/thesmithmode/Ozero/releases/download/naive-9becd3ee/libnaive-armeabi-v7a.so
    sha256: 299dc7353fa27f89053bbc5749a76326c1f30a59835a620d61e9ef69b83209c7
    size_bytes: 4690560
    source_repo: https://github.com/klzgrad/naiveproxy
    source_commit: 6315863d2d8d1fad80d2b2afd46162c301f973e2
  - name: libnaive-x86.so
    engine: naive
    abi: x86
    destination: jniLibs
    download_url: https://github.com/thesmithmode/Ozero/releases/download/naive-9becd3ee/libnaive-x86.so
    sha256: c9c10c7345062c2b1eec9b1f706f2f87172619473abd49242d31781cde20b982
    size_bytes: 6818336
    source_repo: https://github.com/klzgrad/naiveproxy
    source_commit: 6315863d2d8d1fad80d2b2afd46162c301f973e2
  - name: libnaive-x86_64.so
    engine: naive
    abi: x86_64
    destination: jniLibs
    download_url: https://github.com/thesmithmode/Ozero/releases/download/naive-9becd3ee/libnaive-x86_64.so
    sha256: 9dedf6cdf0f35999e0d6a6025cf573174df6bb00b7ed5eb820320727ec7817c4
    size_bytes: 6484984
    source_repo: https://github.com/klzgrad/naiveproxy
    source_commit: 6315863d2d8d1fad80d2b2afd46162c301f973e2
  - name: libamneziawg.aar
    engine: amneziawg
    destination: libs
    download_url: https://github.com/thesmithmode/Ozero/releases/download/amneziawg-175ff631/libamneziawg.aar
    sha256: c11ed8068abc1c743e51d7af67cf3bf1bb48fb851354eccc7d1b69127c9e0286
    size_bytes: 10221286
    source_repo: https://github.com/amnezia-vpn/amneziawg-go
    source_commit: 2e3f7d122ca8ef61e403fddc48a9db8fccd95dbf
  - name: libhysteria2.aar
    engine: hysteria2
    destination: libs
    download_url: https://github.com/thesmithmode/Ozero/releases/download/hysteria2-a7bf52a5/libhysteria2.aar
    sha256: 7e9c212273ef7a20c64a8415786b2c4aa8dd03765a5740c6e7dffe7695323620
    size_bytes: 50520590
    source_repo: https://github.com/apernet/hysteria
    source_commit: 15e31d48a09af0835773bd5c62cedbb3fc0e351d
  - name: libtor-arm64-v8a.so
    engine: tor
    abi: arm64-v8a
    destination: jniLibs
    download_url: https://github.com/thesmithmode/Ozero/releases/download/tor-0253c6b2/libtor-arm64-v8a.so
    sha256: 39e1e4b1cd15c0436c57c934f0de17f3a0aa7ba88cfa4b2e9a5084c194e2ff85
    size_bytes: 9267272
    source_repo: https://github.com/guardianproject/tor-android
    source_commit: tor-android-0.4.9.6
  - name: libtor-armeabi-v7a.so
    engine: tor
    abi: armeabi-v7a
    destination: jniLibs
    download_url: https://github.com/thesmithmode/Ozero/releases/download/tor-0253c6b2/libtor-armeabi-v7a.so
    sha256: 45e9edb07c75c80341964875f4565f3deb69e58f480b7ec985a2e6fab7d669ed
    size_bytes: 7608528
    source_repo: https://github.com/guardianproject/tor-android
    source_commit: tor-android-0.4.9.6
  - name: libtor-x86.so
    engine: tor
    abi: x86
    destination: jniLibs
    download_url: https://github.com/thesmithmode/Ozero/releases/download/tor-0253c6b2/libtor-x86.so
    sha256: 1847810606a36fc274f24780c4d682f79477a99d67a95e51bbf8197822e30d48
    size_bytes: 8214812
    source_repo: https://github.com/guardianproject/tor-android
    source_commit: tor-android-0.4.9.6
  - name: libtor-x86_64.so
    engine: tor
    abi: x86_64
    destination: jniLibs
    download_url: https://github.com/thesmithmode/Ozero/releases/download/tor-0253c6b2/libtor-x86_64.so
    sha256: 797e7864615c83cc546c5ea1ea23b030c76670fc94777adfbd8657ad7a086210
    size_bytes: 9549152
    source_repo: https://github.com/guardianproject/tor-android
    source_commit: tor-android-0.4.9.6
  - name: libiptproxy-arm64-v8a.so
    engine: iptproxy
    abi: arm64-v8a
    destination: jniLibs
    download_url: https://github.com/thesmithmode/Ozero/releases/download/tor-0253c6b2/libiptproxy-arm64-v8a.so
    sha256: 8fa8040b8a179197c89bf7df7758cc5e71e773a858a51f4de152df3b6b4371fd
    size_bytes: 24249808
    source_repo: https://github.com/tladesignz/IPtProxy
    source_commit: v5.4.1
  - name: libiptproxy-armeabi-v7a.so
    engine: iptproxy
    abi: armeabi-v7a
    destination: jniLibs
    download_url: https://github.com/thesmithmode/Ozero/releases/download/tor-0253c6b2/libiptproxy-armeabi-v7a.so
    sha256: 798559fff2396de2e863279965e0abbcc8793f36544995408f8f7f156c61f4b1
    size_bytes: 23280680
    source_repo: https://github.com/tladesignz/IPtProxy
    source_commit: v5.4.1
  - name: libiptproxy-x86.so
    engine: iptproxy
    abi: x86
    destination: jniLibs
    download_url: https://github.com/thesmithmode/Ozero/releases/download/tor-0253c6b2/libiptproxy-x86.so
    sha256: 428dd2795d944ca75fc661c7935b1ec183f583bee84c336eda317f415dcf637f
    size_bytes: 23716192
    source_repo: https://github.com/tladesignz/IPtProxy
    source_commit: v5.4.1
  - name: libiptproxy-x86_64.so
    engine: iptproxy
    abi: x86_64
    destination: jniLibs
    download_url: https://github.com/thesmithmode/Ozero/releases/download/tor-0253c6b2/libiptproxy-x86_64.so
    sha256: fcbe6f19d4267dced8981474f61b0a01f2ea62a5bfcfbe58b29df0cd5e31d784
    size_bytes: 27070800
    source_repo: https://github.com/tladesignz/IPtProxy
    source_commit: v5.4.1
